
Microsoft Visual Studio Solution File, Format Version 12.00
# Visual Studio Version 18
VisualStudioVersion = 18.7.11903.348 stable
MinimumVisualStudioVersion = 10.0.40219.1
Project("{2150E333-8FDC-42A3-9474-1A3956D46DE8}") = "src", "src", "{827E0CD3-B72D-47B6-A68D-7590B98EB39B}"
EndProject
Project("{FAE04EC0-301F-11D3-BF4B-00C04F79EFBC}") = "ECommerceAuction.UserService.Api", "src\ECommerceAuction.UserService.Api\ECommerceAuction.UserService.Api.csproj", "{D8A706BC-D358-FEFE-4FC7-B00FC1CB325B}"
EndProject
Project("{FAE04EC0-301F-11D3-BF4B-00C04F79EFBC}") = "ECommerceAuction.UserService.Domain", "src\ECommerceAuction.UserService.Domain\ECommerceAuction.UserService.Domain.csproj", "{C94B2E56-E5C4-0B29-E3EC-CB976350A352}"
EndProject
Project("{FAE04EC0-301F-11D3-BF4B-00C04F79EFBC}") = "ECommerceAuction.UserService.Infrastructure", "src\ECommerceAuction.UserService.Infrastructure\ECommerceAuction.UserService.Infrastructure.csproj", "{F629257A-FC54-4DA9-DA82-57FA330C3750}"
EndProject
Project("{FAE04EC0-301F-11D3-BF4B-00C04F79EFBC}") = "ECommerceAuction.UserService.Persistence", "src\ECommerceAuction.UserService.Persistence\ECommerceAuction.UserService.Persistence.csproj", "{54BAE465-E018-59B1-91CB-05EA367018F6}"
EndProject
Project("{FAE04EC0-301F-11D3-BF4B-00C04F79EFBC}") = "ECommerceAuction.UserService.Application", "src\ECommerceAuction.UserService.Application\ECommerceAuction.UserService.Application.csproj", "{DD054D7B-D307-2F69-300F-8B5BDF15B2BA}"
EndProject
Global
	GlobalSection(SolutionConfigurationPlatforms) = preSolution
		Debug|Any CPU = Debug|Any CPU
		Release|Any CPU = Release|Any CPU
	EndGlobalSection
	GlobalSection(ProjectConfigurationPlatforms) = postSolution
		{D8A706BC-D358-FEFE-4FC7-B00FC1CB325B}.Debug|Any CPU.ActiveCfg = Debug|Any CPU
		{D8A706BC-D358-FEFE-4FC7-B00FC1CB325B}.Debug|Any CPU.Build.0 = Debug|Any CPU
		{D8A706BC-D358-FEFE-4FC7-B00FC1CB325B}.Release|Any CPU.ActiveCfg = Release|Any CPU
		{D8A706BC-D358-FEFE-4FC7-B00FC1CB325B}.Release|Any CPU.Build.0 = Release|Any CPU
		{C94B2E56-E5C4-0B29-E3EC-CB976350A352}.Debug|Any CPU.ActiveCfg = Debug|Any CPU
		{C94B2E56-E5C4-0B29-E3EC-CB976350A352}.Debug|Any CPU.Build.0 = Debug|Any CPU
		{C94B2E56-E5C4-0B29-E3EC-CB976350A352}.Release|Any CPU.ActiveCfg = Release|Any CPU
		{C94B2E56-E5C4-0B29-E3EC-CB976350A352}.Release|Any CPU.Build.0 = Release|Any CPU
		{F629257A-FC54-4DA9-DA82-57FA330C3750}.Debug|Any CPU.ActiveCfg = Debug|Any CPU
		{F629257A-FC54-4DA9-DA82-57FA330C3750}.Debug|Any CPU.Build.0 = Debug|Any CPU
		{F629257A-FC54-4DA9-DA82-57FA330C3750}.Release|Any CPU.ActiveCfg = Release|Any CPU
		{F629257A-FC54-4DA9-DA82-57FA330C3750}.Release|Any CPU.Build.0 = Release|Any CPU
		{54BAE465-E018-59B1-91CB-05EA367018F6}.Debug|Any CPU.ActiveCfg = Debug|Any CPU
		{54BAE465-E018-59B1-91CB-05EA367018F6}.Debug|Any CPU.Build.0 = Debug|Any CPU
		{54BAE465-E018-59B1-91CB-05EA367018F6}.Release|Any CPU.ActiveCfg = Release|Any CPU
		{54BAE465-E018-59B1-91CB-05EA367018F6}.Release|Any CPU.Build.0 = Release|Any CPU
		{DD054D7B-D307-2F69-300F-8B5BDF15B2BA}.Debug|Any CPU.ActiveCfg = Debug|Any CPU
		{DD054D7B-D307-2F69-300F-8B5BDF15B2BA}.Debug|Any CPU.Build.0 = Debug|Any CPU
		{DD054D7B-D307-2F69-300F-8B5BDF15B2BA}.Release|Any CPU.ActiveCfg = Release|Any CPU
		{DD054D7B-D307-2F69-300F-8B5BDF15B2BA}.Release|Any CPU.Build.0 = Release|Any CPU
	EndGlobalSection
	GlobalSection(SolutionProperties) = preSolution
		HideSolutionNode = FALSE
	EndGlobalSection
	GlobalSection(NestedProjects) = preSolution
		{D8A706BC-D358-FEFE-4FC7-B00FC1CB325B} = {827E0CD3-B72D-47B6-A68D-7590B98EB39B}
		{C94B2E56-E5C4-0B29-E3EC-CB976350A352} = {827E0CD3-B72D-47B6-A68D-7590B98EB39B}
		{F629257A-FC54-4DA9-DA82-57FA330C3750} = {827E0CD3-B72D-47B6-A68D-7590B98EB39B}
		{54BAE465-E018-59B1-91CB-05EA367018F6} = {827E0CD3-B72D-47B6-A68D-7590B98EB39B}
		{DD054D7B-D307-2F69-300F-8B5BDF15B2BA} = {827E0CD3-B72D-47B6-A68D-7590B98EB39B}
	EndGlobalSection
	GlobalSection(ExtensibilityGlobals) = postSolution
		SolutionGuid = {40104840-B192-4E61-AE86-3F308F440EF8}
	EndGlobalSection
EndGlobal
