
Microsoft Visual Studio Solution File, Format Version 12.00
# Visual Studio Version 18
VisualStudioVersion = 18.7.11903.348 stable
MinimumVisualStudioVersion = 10.0.40219.1
Project("{2150E333-8FDC-42A3-9474-1A3956D46DE8}") = "src", "src", "{827E0CD3-B72D-47B6-A68D-7590B98EB39B}"
EndProject
Project("{2150E333-8FDC-42A3-9474-1A3956D46DE8}") = "Core", "Core", "{8D626EA8-CB54-BC41-363A-217881BEBA6E}"
EndProject
Project("{FAE04EC0-301F-11D3-BF4B-00C04F79EFBC}") = "ECommerceAuction.UserService.Domain", "src\Core\ECommerceAuction.UserService.Domain\ECommerceAuction.UserService.Domain.csproj", "{953F180C-E9BD-489C-81BC-25DEAAB0750D}"
EndProject
Project("{FAE04EC0-301F-11D3-BF4B-00C04F79EFBC}") = "ECommerceAuction.UserService.Application", "src\Core\ECommerceAuction.UserService.Application\ECommerceAuction.UserService.Application.csproj", "{F003FBF7-259B-457C-8853-062CB5080EA0}"
EndProject
Project("{2150E333-8FDC-42A3-9474-1A3956D46DE8}") = "Infrastructure", "Infrastructure", "{9048EB7F-3875-A59E-E36B-5BD4C6F2A282}"
EndProject
Project("{FAE04EC0-301F-11D3-BF4B-00C04F79EFBC}") = "ECommerceAuction.UserService.Persistence", "src\Infrastructure\ECommerceAuction.UserService.Persistence\ECommerceAuction.UserService.Persistence.csproj", "{86A9F849-FA82-407B-9A06-6A302D6A6739}"
EndProject
Project("{FAE04EC0-301F-11D3-BF4B-00C04F79EFBC}") = "ECommerceAuction.UserService.Infrastructure", "src\Infrastructure\ECommerceAuction.UserService.Infrastructure\ECommerceAuction.UserService.Infrastructure.csproj", "{F4408DF6-4FF1-41C4-884A-0612BD5D029D}"
EndProject
Project("{2150E333-8FDC-42A3-9474-1A3956D46DE8}") = "Presentation", "Presentation", "{6996BBF7-DB31-59BC-C7DD-9A7CCC6138C4}"
EndProject
Project("{FAE04EC0-301F-11D3-BF4B-00C04F79EFBC}") = "ECommerceAuction.UserService.Api", "src\Presentation\ECommerceAuction.UserService.Api\ECommerceAuction.UserService.Api.csproj", "{BFC8AD5C-A08B-4D68-8935-0AC280AFE720}"
EndProject
Global
	GlobalSection(SolutionConfigurationPlatforms) = preSolution
		Debug|Any CPU = Debug|Any CPU
		Debug|x64 = Debug|x64
		Debug|x86 = Debug|x86
		Release|Any CPU = Release|Any CPU
		Release|x64 = Release|x64
		Release|x86 = Release|x86
	EndGlobalSection
	GlobalSection(ProjectConfigurationPlatforms) = postSolution
		{953F180C-E9BD-489C-81BC-25DEAAB0750D}.Debug|Any CPU.ActiveCfg = Debug|Any CPU
		{953F180C-E9BD-489C-81BC-25DEAAB0750D}.Debug|Any CPU.Build.0 = Debug|Any CPU
		{953F180C-E9BD-489C-81BC-25DEAAB0750D}.Debug|x64.ActiveCfg = Debug|Any CPU
		{953F180C-E9BD-489C-81BC-25DEAAB0750D}.Debug|x64.Build.0 = Debug|Any CPU
		{953F180C-E9BD-489C-81BC-25DEAAB0750D}.Debug|x86.ActiveCfg = Debug|Any CPU
		{953F180C-E9BD-489C-81BC-25DEAAB0750D}.Debug|x86.Build.0 = Debug|Any CPU
		{953F180C-E9BD-489C-81BC-25DEAAB0750D}.Release|Any CPU.ActiveCfg = Release|Any CPU
		{953F180C-E9BD-489C-81BC-25DEAAB0750D}.Release|Any CPU.Build.0 = Release|Any CPU
		{953F180C-E9BD-489C-81BC-25DEAAB0750D}.Release|x64.ActiveCfg = Release|Any CPU
		{953F180C-E9BD-489C-81BC-25DEAAB0750D}.Release|x64.Build.0 = Release|Any CPU
		{953F180C-E9BD-489C-81BC-25DEAAB0750D}.Release|x86.ActiveCfg = Release|Any CPU
		{953F180C-E9BD-489C-81BC-25DEAAB0750D}.Release|x86.Build.0 = Release|Any CPU
		{F003FBF7-259B-457C-8853-062CB5080EA0}.Debug|Any CPU.ActiveCfg = Debug|Any CPU
		{F003FBF7-259B-457C-8853-062CB5080EA0}.Debug|Any CPU.Build.0 = Debug|Any CPU
		{F003FBF7-259B-457C-8853-062CB5080EA0}.Debug|x64.ActiveCfg = Debug|Any CPU
		{F003FBF7-259B-457C-8853-062CB5080EA0}.Debug|x64.Build.0 = Debug|Any CPU
		{F003FBF7-259B-457C-8853-062CB5080EA0}.Debug|x86.ActiveCfg = Debug|Any CPU
		{F003FBF7-259B-457C-8853-062CB5080EA0}.Debug|x86.Build.0 = Debug|Any CPU
		{F003FBF7-259B-457C-8853-062CB5080EA0}.Release|Any CPU.ActiveCfg = Release|Any CPU
		{F003FBF7-259B-457C-8853-062CB5080EA0}.Release|Any CPU.Build.0 = Release|Any CPU
		{F003FBF7-259B-457C-8853-062CB5080EA0}.Release|x64.ActiveCfg = Release|Any CPU
		{F003FBF7-259B-457C-8853-062CB5080EA0}.Release|x64.Build.0 = Release|Any CPU
		{F003FBF7-259B-457C-8853-062CB5080EA0}.Release|x86.ActiveCfg = Release|Any CPU
		{F003FBF7-259B-457C-8853-062CB5080EA0}.Release|x86.Build.0 = Release|Any CPU
		{86A9F849-FA82-407B-9A06-6A302D6A6739}.Debug|Any CPU.ActiveCfg = Debug|Any CPU
		{86A9F849-FA82-407B-9A06-6A302D6A6739}.Debug|Any CPU.Build.0 = Debug|Any CPU
		{86A9F849-FA82-407B-9A06-6A302D6A6739}.Debug|x64.ActiveCfg = Debug|Any CPU
		{86A9F849-FA82-407B-9A06-6A302D6A6739}.Debug|x64.Build.0 = Debug|Any CPU
		{86A9F849-FA82-407B-9A06-6A302D6A6739}.Debug|x86.ActiveCfg = Debug|Any CPU
		{86A9F849-FA82-407B-9A06-6A302D6A6739}.Debug|x86.Build.0 = Debug|Any CPU
		{86A9F849-FA82-407B-9A06-6A302D6A6739}.Release|Any CPU.ActiveCfg = Release|Any CPU
		{86A9F849-FA82-407B-9A06-6A302D6A6739}.Release|Any CPU.Build.0 = Release|Any CPU
		{86A9F849-FA82-407B-9A06-6A302D6A6739}.Release|x64.ActiveCfg = Release|Any CPU
		{86A9F849-FA82-407B-9A06-6A302D6A6739}.Release|x64.Build.0 = Release|Any CPU
		{86A9F849-FA82-407B-9A06-6A302D6A6739}.Release|x86.ActiveCfg = Release|Any CPU
		{86A9F849-FA82-407B-9A06-6A302D6A6739}.Release|x86.Build.0 = Release|Any CPU
		{F4408DF6-4FF1-41C4-884A-0612BD5D029D}.Debug|Any CPU.ActiveCfg = Debug|Any CPU
		{F4408DF6-4FF1-41C4-884A-0612BD5D029D}.Debug|Any CPU.Build.0 = Debug|Any CPU
		{F4408DF6-4FF1-41C4-884A-0612BD5D029D}.Debug|x64.ActiveCfg = Debug|Any CPU
		{F4408DF6-4FF1-41C4-884A-0612BD5D029D}.Debug|x64.Build.0 = Debug|Any CPU
		{F4408DF6-4FF1-41C4-884A-0612BD5D029D}.Debug|x86.ActiveCfg = Debug|Any CPU
		{F4408DF6-4FF1-41C4-884A-0612BD5D029D}.Debug|x86.Build.0 = Debug|Any CPU
		{F4408DF6-4FF1-41C4-884A-0612BD5D029D}.Release|Any CPU.ActiveCfg = Release|Any CPU
		{F4408DF6-4FF1-41C4-884A-0612BD5D029D}.Release|Any CPU.Build.0 = Release|Any CPU
		{F4408DF6-4FF1-41C4-884A-0612BD5D029D}.Release|x64.ActiveCfg = Release|Any CPU
		{F4408DF6-4FF1-41C4-884A-0612BD5D029D}.Release|x64.Build.0 = Release|Any CPU
		{F4408DF6-4FF1-41C4-884A-0612BD5D029D}.Release|x86.ActiveCfg = Release|Any CPU
		{F4408DF6-4FF1-41C4-884A-0612BD5D029D}.Release|x86.Build.0 = Release|Any CPU
		{BFC8AD5C-A08B-4D68-8935-0AC280AFE720}.Debug|Any CPU.ActiveCfg = Debug|Any CPU
		{BFC8AD5C-A08B-4D68-8935-0AC280AFE720}.Debug|Any CPU.Build.0 = Debug|Any CPU
		{BFC8AD5C-A08B-4D68-8935-0AC280AFE720}.Debug|x64.ActiveCfg = Debug|Any CPU
		{BFC8AD5C-A08B-4D68-8935-0AC280AFE720}.Debug|x64.Build.0 = Debug|Any CPU
		{BFC8AD5C-A08B-4D68-8935-0AC280AFE720}.Debug|x86.ActiveCfg = Debug|Any CPU
		{BFC8AD5C-A08B-4D68-8935-0AC280AFE720}.Debug|x86.Build.0 = Debug|Any CPU
		{BFC8AD5C-A08B-4D68-8935-0AC280AFE720}.Release|Any CPU.ActiveCfg = Release|Any CPU
		{BFC8AD5C-A08B-4D68-8935-0AC280AFE720}.Release|Any CPU.Build.0 = Release|Any CPU
		{BFC8AD5C-A08B-4D68-8935-0AC280AFE720}.Release|x64.ActiveCfg = Release|Any CPU
		{BFC8AD5C-A08B-4D68-8935-0AC280AFE720}.Release|x64.Build.0 = Release|Any CPU
		{BFC8AD5C-A08B-4D68-8935-0AC280AFE720}.Release|x86.ActiveCfg = Release|Any CPU
		{BFC8AD5C-A08B-4D68-8935-0AC280AFE720}.Release|x86.Build.0 = Release|Any CPU
	EndGlobalSection
	GlobalSection(SolutionProperties) = preSolution
		HideSolutionNode = FALSE
	EndGlobalSection
	GlobalSection(NestedProjects) = preSolution
		{8D626EA8-CB54-BC41-363A-217881BEBA6E} = {827E0CD3-B72D-47B6-A68D-7590B98EB39B}
		{953F180C-E9BD-489C-81BC-25DEAAB0750D} = {8D626EA8-CB54-BC41-363A-217881BEBA6E}
		{F003FBF7-259B-457C-8853-062CB5080EA0} = {8D626EA8-CB54-BC41-363A-217881BEBA6E}
		{9048EB7F-3875-A59E-E36B-5BD4C6F2A282} = {827E0CD3-B72D-47B6-A68D-7590B98EB39B}
		{86A9F849-FA82-407B-9A06-6A302D6A6739} = {9048EB7F-3875-A59E-E36B-5BD4C6F2A282}
		{F4408DF6-4FF1-41C4-884A-0612BD5D029D} = {9048EB7F-3875-A59E-E36B-5BD4C6F2A282}
		{6996BBF7-DB31-59BC-C7DD-9A7CCC6138C4} = {827E0CD3-B72D-47B6-A68D-7590B98EB39B}
		{BFC8AD5C-A08B-4D68-8935-0AC280AFE720} = {6996BBF7-DB31-59BC-C7DD-9A7CCC6138C4}
	EndGlobalSection
EndGlobal
